
Microsoft Visual Studio Solution File, Format Version 12.00
# Visual Studio Version 16
VisualStudioVersion = 16.0.31911.196
MinimumVisualStudioVersion = 10.0.40219.1
Project("{FAE04EC0-301F-11D3-BF4B-00C04F79EFBC}") = "DiscordBot", "DiscordBot\DiscordBot.csproj", "{14EFB255-18F2-4BC4-9D89-60DBEDF54568}"
EndProject
Global
	GlobalSection(SolutionConfigurationPlatforms) = preSolution
		Debug|Any CPU = Debug|Any CPU
		Release|Any CPU = Release|Any CPU
	EndGlobalSection
	GlobalSection(ProjectConfigurationPlatforms) = postSolution
		{14EFB255-18F2-4BC4-9D89-60DBEDF54568}.Debug|Any CPU.ActiveCfg = Debug|Any CPU
		{14EFB255-18F2-4BC4-9D89-60DBEDF54568}.Debug|Any CPU.Build.0 = Debug|Any CPU
		{14EFB255-18F2-4BC4-9D89-60DBEDF54568}.Release|Any CPU.ActiveCfg = Release|Any CPU
		{14EFB255-18F2-4BC4-9D89-60DBEDF54568}.Release|Any CPU.Build.0 = Release|Any CPU
	EndGlobalSection
	GlobalSection(SolutionProperties) = preSolution
		HideSolutionNode = FALSE
	EndGlobalSection
	GlobalSection(ExtensibilityGlobals) = postSolution
		SolutionGuid = {78ED375E-0BD3-4BA7-8615-293F9718A2D6}
	EndGlobalSection
EndGlobal
